
Microsoft Visual Studio Solution File, Format Version 12.00
# Visual Studio 15
VisualStudioVersion = 15.0.26730.12
MinimumVisualStudioVersion = 10.0.40219.1
Project("{FAE04EC0-301F-11D3-BF4B-00C04F79EFBC}") = "TaurusCard", "TaurusCard\TaurusCard.csproj", "{E30105DA-7A80-4E6E-AE3C-6B2156FFE741}"
EndProject
Global
	GlobalSection(SolutionConfigurationPlatforms) = preSolution
		Debug|Any CPU = Debug|Any CPU
		Release|Any CPU = Release|Any CPU
	EndGlobalSection
	GlobalSection(ProjectConfigurationPlatforms) = postSolution
		{E30105DA-7A80-4E6E-AE3C-6B2156FFE741}.Debug|Any CPU.ActiveCfg = Debug|Any CPU
		{E30105DA-7A80-4E6E-AE3C-6B2156FFE741}.Debug|Any CPU.Build.0 = Debug|Any CPU
		{E30105DA-7A80-4E6E-AE3C-6B2156FFE741}.Release|Any CPU.ActiveCfg = Release|Any CPU
		{E30105DA-7A80-4E6E-AE3C-6B2156FFE741}.Release|Any CPU.Build.0 = Release|Any CPU
	EndGlobalSection
	GlobalSection(SolutionProperties) = preSolution
		HideSolutionNode = FALSE
	EndGlobalSection
	GlobalSection(ExtensibilityGlobals) = postSolution
		SolutionGuid = {8B1C818B-A10F-4F7B-85E7-51F6E41E98BD}
	EndGlobalSection
EndGlobal
